
Microsoft Visual Studio Solution File, Format Version 12.00
# Visual Studio Version 17
VisualStudioVersion = 17.12.35527.113
MinimumVisualStudioVersion = 10.0.40219.1
Project("{FAE04EC0-301F-11D3-BF4B-00C04F79EFBC}") = "Presentaion", "Presentaion\Presentaion.csproj", "{4E127037-4771-4BF2-AF8F-F998AC519AB2}"
EndProject
Project("{FAE04EC0-301F-11D3-BF4B-00C04F79EFBC}") = "Domain", "Domain\Domain.csproj", "{58FFE23C-4593-40EF-A5F5-3DA09D58B3DE}"
EndProject
Project("{FAE04EC0-301F-11D3-BF4B-00C04F79EFBC}") = "Application", "Application\Application.csproj", "{0F4D51C3-EA7D-449D-9664-2C2E57F5BD8E}"
EndProject
Project("{FAE04EC0-301F-11D3-BF4B-00C04F79EFBC}") = "Infrastructure", "Infrastructure\Infrastructure.csproj", "{EB97AFED-EA0B-48D7-8FCA-087AFBFF9DC9}"
EndProject
Global
	GlobalSection(SolutionConfigurationPlatforms) = preSolution
		Debug|Any CPU = Debug|Any CPU
		Release|Any CPU = Release|Any CPU
	EndGlobalSection
	GlobalSection(ProjectConfigurationPlatforms) = postSolution
		{4E127037-4771-4BF2-AF8F-F998AC519AB2}.Debug|Any CPU.ActiveCfg = Debug|Any CPU
		{4E127037-4771-4BF2-AF8F-F998AC519AB2}.Debug|Any CPU.Build.0 = Debug|Any CPU
		{4E127037-4771-4BF2-AF8F-F998AC519AB2}.Release|Any CPU.ActiveCfg = Release|Any CPU
		{4E127037-4771-4BF2-AF8F-F998AC519AB2}.Release|Any CPU.Build.0 = Release|Any CPU
		{58FFE23C-4593-40EF-A5F5-3DA09D58B3DE}.Debug|Any CPU.ActiveCfg = Debug|Any CPU
		{58FFE23C-4593-40EF-A5F5-3DA09D58B3DE}.Debug|Any CPU.Build.0 = Debug|Any CPU
		{58FFE23C-4593-40EF-A5F5-3DA09D58B3DE}.Release|Any CPU.ActiveCfg = Release|Any CPU
		{58FFE23C-4593-40EF-A5F5-3DA09D58B3DE}.Release|Any CPU.Build.0 = Release|Any CPU
		{0F4D51C3-EA7D-449D-9664-2C2E57F5BD8E}.Debug|Any CPU.ActiveCfg = Debug|Any CPU
		{0F4D51C3-EA7D-449D-9664-2C2E57F5BD8E}.Debug|Any CPU.Build.0 = Debug|Any CPU
		{0F4D51C3-EA7D-449D-9664-2C2E57F5BD8E}.Release|Any CPU.ActiveCfg = Release|Any CPU
		{0F4D51C3-EA7D-449D-9664-2C2E57F5BD8E}.Release|Any CPU.Build.0 = Release|Any CPU
		{EB97AFED-EA0B-48D7-8FCA-087AFBFF9DC9}.Debug|Any CPU.ActiveCfg = Debug|Any CPU
		{EB97AFED-EA0B-48D7-8FCA-087AFBFF9DC9}.Debug|Any CPU.Build.0 = Debug|Any CPU
		{EB97AFED-EA0B-48D7-8FCA-087AFBFF9DC9}.Release|Any CPU.ActiveCfg = Release|Any CPU
		{EB97AFED-EA0B-48D7-8FCA-087AFBFF9DC9}.Release|Any CPU.Build.0 = Release|Any CPU
	EndGlobalSection
	GlobalSection(SolutionProperties) = preSolution
		HideSolutionNode = FALSE
	EndGlobalSection
EndGlobal
