
Microsoft Visual Studio Solution File, Format Version 12.00
# Visual Studio Version 17
VisualStudioVersion = 17.12.35527.113 d17.12
MinimumVisualStudioVersion = 10.0.40219.1
Project("{FAE04EC0-301F-11D3-BF4B-00C04F79EFBC}") = "Repos", "Repos\Repos.csproj", "{D010A0B4-8CCB-45A0-ADF6-BC1444E4923B}"
EndProject
Project("{FAE04EC0-301F-11D3-BF4B-00C04F79EFBC}") = "Services", "Services\Services.csproj", "{C45E79A6-7E33-4F2B-AE70-773D2AED98D1}"
EndProject
Project("{FAE04EC0-301F-11D3-BF4B-00C04F79EFBC}") = "WebApi", "WebApi\WebApi.csproj", "{FFBB7B0E-EBAF-4D8C-B6D2-A46FD65B78C0}"
EndProject
Project("{FAE04EC0-301F-11D3-BF4B-00C04F79EFBC}") = "DataModels", "DataModels\DataModels.csproj", "{32F9E116-B89F-42D3-AF07-EE0842708DCC}"
EndProject
Global
	GlobalSection(SolutionConfigurationPlatforms) = preSolution
		Debug|Any CPU = Debug|Any CPU
		Release|Any CPU = Release|Any CPU
	EndGlobalSection
	GlobalSection(ProjectConfigurationPlatforms) = postSolution
		{D010A0B4-8CCB-45A0-ADF6-BC1444E4923B}.Debug|Any CPU.ActiveCfg = Debug|Any CPU
		{D010A0B4-8CCB-45A0-ADF6-BC1444E4923B}.Debug|Any CPU.Build.0 = Debug|Any CPU
		{D010A0B4-8CCB-45A0-ADF6-BC1444E4923B}.Release|Any CPU.ActiveCfg = Release|Any CPU
		{D010A0B4-8CCB-45A0-ADF6-BC1444E4923B}.Release|Any CPU.Build.0 = Release|Any CPU
		{C45E79A6-7E33-4F2B-AE70-773D2AED98D1}.Debug|Any CPU.ActiveCfg = Debug|Any CPU
		{C45E79A6-7E33-4F2B-AE70-773D2AED98D1}.Debug|Any CPU.Build.0 = Debug|Any CPU
		{C45E79A6-7E33-4F2B-AE70-773D2AED98D1}.Release|Any CPU.ActiveCfg = Release|Any CPU
		{C45E79A6-7E33-4F2B-AE70-773D2AED98D1}.Release|Any CPU.Build.0 = Release|Any CPU
		{FFBB7B0E-EBAF-4D8C-B6D2-A46FD65B78C0}.Debug|Any CPU.ActiveCfg = Debug|Any CPU
		{FFBB7B0E-EBAF-4D8C-B6D2-A46FD65B78C0}.Debug|Any CPU.Build.0 = Debug|Any CPU
		{FFBB7B0E-EBAF-4D8C-B6D2-A46FD65B78C0}.Release|Any CPU.ActiveCfg = Release|Any CPU
		{FFBB7B0E-EBAF-4D8C-B6D2-A46FD65B78C0}.Release|Any CPU.Build.0 = Release|Any CPU
		{32F9E116-B89F-42D3-AF07-EE0842708DCC}.Debug|Any CPU.ActiveCfg = Debug|Any CPU
		{32F9E116-B89F-42D3-AF07-EE0842708DCC}.Debug|Any CPU.Build.0 = Debug|Any CPU
		{32F9E116-B89F-42D3-AF07-EE0842708DCC}.Release|Any CPU.ActiveCfg = Release|Any CPU
		{32F9E116-B89F-42D3-AF07-EE0842708DCC}.Release|Any CPU.Build.0 = Release|Any CPU
	EndGlobalSection
	GlobalSection(SolutionProperties) = preSolution
		HideSolutionNode = FALSE
	EndGlobalSection
EndGlobal
